{
  "name": "misvarvi",
  "version": "1.0.0",
  "lockfileVersion": 1,
  "requires": true,
  "dependencies": {
    "chromatism": {
      "version": "3.0.0",
      "resolved": "https://registry.npmjs.org/chromatism/-/chromatism-3.0.0.tgz",
      "integrity": "sha1-pySdNTweTzV35ESsQRccTi5iSxI="
    },
    "color-name-list": {
      "version": "3.45.0",
      "resolved": "https://registry.npmjs.org/color-name-list/-/color-name-list-3.45.0.tgz",
      "integrity": "sha512-3KB7DbEWF/tDWIx4+s8t9hyF+nn8yATbZiN/OlRg3mHqwiqGPQWh8euUDU6fyL93bxoqpfM2N8rOJgCauVUFyg=="
    },
    "delta-e": {
      "version": "0.0.7",
      "resolved": "https://registry.npmjs.org/delta-e/-/delta-e-0.0.7.tgz",
      "integrity": "sha1-khI4d6hvAceZdnQCqFkxOOkQwIE="
    }
  }
}
